
Microsoft Visual Studio Solution File, Format Version 12.00
Project("{FAE04EC0-301F-11D3-BF4B-00C04F79EFBC}") = "Api", "Api\Api.csproj", "{C6A9FF06-2719-4750-B4AA-7F178413CCF4}"
EndProject
Project("{FAE04EC0-301F-11D3-BF4B-00C04F79EFBC}") = "Domain", "Domain\Domain.csproj", "{9533C5F7-9207-463E-BECE-497CD73B6593}"
EndProject
Project("{FAE04EC0-301F-11D3-BF4B-00C04F79EFBC}") = "Persistence", "Persistence\Persistence.csproj", "{BDA6C4E4-CB54-4F7C-880C-D78E16DDA88D}"
EndProject
Project("{FAE04EC0-301F-11D3-BF4B-00C04F79EFBC}") = "Application", "Application\Application.csproj", "{104EEFAB-C27C-4124-AEDD-61EB789AA2D5}"
EndProject
Project("{2150E333-8FDC-42A3-9474-1A3956D46DE8}") = "Solution Items", "Solution Items", "{22A581DB-B2D2-499B-8B1C-F986A9D921D1}"
	ProjectSection(SolutionItems) = preProject
		compose.yaml = compose.yaml
	EndProjectSection
EndProject
Project("{FAE04EC0-301F-11D3-BF4B-00C04F79EFBC}") = "Infrastructure", "Infrastructure\Infrastructure.csproj", "{AD4D0642-53EA-4FCF-B0F4-34A625175424}"
EndProject
Project("{FAE04EC0-301F-11D3-BF4B-00C04F79EFBC}") = "ApiGateway", "ApiGateway\ApiGateway.csproj", "{AE3F6157-A86D-4E37-8C9A-4E2E4CBD34A3}"
EndProject
Global
	GlobalSection(SolutionConfigurationPlatforms) = preSolution
		Debug|Any CPU = Debug|Any CPU
		Release|Any CPU = Release|Any CPU
	EndGlobalSection
	GlobalSection(ProjectConfigurationPlatforms) = postSolution
		{C6A9FF06-2719-4750-B4AA-7F178413CCF4}.Debug|Any CPU.ActiveCfg = Debug|Any CPU
		{C6A9FF06-2719-4750-B4AA-7F178413CCF4}.Debug|Any CPU.Build.0 = Debug|Any CPU
		{C6A9FF06-2719-4750-B4AA-7F178413CCF4}.Release|Any CPU.ActiveCfg = Release|Any CPU
		{C6A9FF06-2719-4750-B4AA-7F178413CCF4}.Release|Any CPU.Build.0 = Release|Any CPU
		{9533C5F7-9207-463E-BECE-497CD73B6593}.Debug|Any CPU.ActiveCfg = Debug|Any CPU
		{9533C5F7-9207-463E-BECE-497CD73B6593}.Debug|Any CPU.Build.0 = Debug|Any CPU
		{9533C5F7-9207-463E-BECE-497CD73B6593}.Release|Any CPU.ActiveCfg = Release|Any CPU
		{9533C5F7-9207-463E-BECE-497CD73B6593}.Release|Any CPU.Build.0 = Release|Any CPU
		{BDA6C4E4-CB54-4F7C-880C-D78E16DDA88D}.Debug|Any CPU.ActiveCfg = Debug|Any CPU
		{BDA6C4E4-CB54-4F7C-880C-D78E16DDA88D}.Debug|Any CPU.Build.0 = Debug|Any CPU
		{BDA6C4E4-CB54-4F7C-880C-D78E16DDA88D}.Release|Any CPU.ActiveCfg = Release|Any CPU
		{BDA6C4E4-CB54-4F7C-880C-D78E16DDA88D}.Release|Any CPU.Build.0 = Release|Any CPU
		{104EEFAB-C27C-4124-AEDD-61EB789AA2D5}.Debug|Any CPU.ActiveCfg = Debug|Any CPU
		{104EEFAB-C27C-4124-AEDD-61EB789AA2D5}.Debug|Any CPU.Build.0 = Debug|Any CPU
		{104EEFAB-C27C-4124-AEDD-61EB789AA2D5}.Release|Any CPU.ActiveCfg = Release|Any CPU
		{104EEFAB-C27C-4124-AEDD-61EB789AA2D5}.Release|Any CPU.Build.0 = Release|Any CPU
		{AD4D0642-53EA-4FCF-B0F4-34A625175424}.Debug|Any CPU.ActiveCfg = Debug|Any CPU
		{AD4D0642-53EA-4FCF-B0F4-34A625175424}.Debug|Any CPU.Build.0 = Debug|Any CPU
		{AD4D0642-53EA-4FCF-B0F4-34A625175424}.Release|Any CPU.ActiveCfg = Release|Any CPU
		{AD4D0642-53EA-4FCF-B0F4-34A625175424}.Release|Any CPU.Build.0 = Release|Any CPU
		{AE3F6157-A86D-4E37-8C9A-4E2E4CBD34A3}.Debug|Any CPU.ActiveCfg = Debug|Any CPU
		{AE3F6157-A86D-4E37-8C9A-4E2E4CBD34A3}.Debug|Any CPU.Build.0 = Debug|Any CPU
		{AE3F6157-A86D-4E37-8C9A-4E2E4CBD34A3}.Release|Any CPU.ActiveCfg = Release|Any CPU
		{AE3F6157-A86D-4E37-8C9A-4E2E4CBD34A3}.Release|Any CPU.Build.0 = Release|Any CPU
	EndGlobalSection
EndGlobal
